
Microsoft Visual Studio Solution File, Format Version 12.00
# Visual Studio Version 16
VisualStudioVersion = 16.0.31424.327
MinimumVisualStudioVersion = 10.0.40219.1
Project("{9A19103F-16F7-4668-BE54-9A1E7A4F7556}") = "BooksList.Server", "BooksList\Server\BooksList.Server.csproj", "{009FCEE5-E9F2-47D3-B9CD-F64771B2D30D}"
EndProject
Project("{9A19103F-16F7-4668-BE54-9A1E7A4F7556}") = "BooksList.Client", "BooksList\Client\BooksList.Client.csproj", "{71CF8FF4-9A12-4C93-8CEE-EAE2188500D6}"
EndProject
Project("{9A19103F-16F7-4668-BE54-9A1E7A4F7556}") = "BooksList.Shared", "BooksList\Shared\BooksList.Shared.csproj", "{A57D37CE-59C7-4E0D-B0E4-6FB12898A1FD}"
EndProject
Global
	GlobalSection(SolutionConfigurationPlatforms) = preSolution
		Debug|Any CPU = Debug|Any CPU
		Release|Any CPU = Release|Any CPU
	EndGlobalSection
	GlobalSection(ProjectConfigurationPlatforms) = postSolution
		{009FCEE5-E9F2-47D3-B9CD-F64771B2D30D}.Debug|Any CPU.ActiveCfg = Debug|Any CPU
		{009FCEE5-E9F2-47D3-B9CD-F64771B2D30D}.Debug|Any CPU.Build.0 = Debug|Any CPU
		{009FCEE5-E9F2-47D3-B9CD-F64771B2D30D}.Release|Any CPU.ActiveCfg = Release|Any CPU
		{009FCEE5-E9F2-47D3-B9CD-F64771B2D30D}.Release|Any CPU.Build.0 = Release|Any CPU
		{71CF8FF4-9A12-4C93-8CEE-EAE2188500D6}.Debug|Any CPU.ActiveCfg = Debug|Any CPU
		{71CF8FF4-9A12-4C93-8CEE-EAE2188500D6}.Debug|Any CPU.Build.0 = Debug|Any CPU
		{71CF8FF4-9A12-4C93-8CEE-EAE2188500D6}.Release|Any CPU.ActiveCfg = Release|Any CPU
		{71CF8FF4-9A12-4C93-8CEE-EAE2188500D6}.Release|Any CPU.Build.0 = Release|Any CPU
		{A57D37CE-59C7-4E0D-B0E4-6FB12898A1FD}.Debug|Any CPU.ActiveCfg = Debug|Any CPU
		{A57D37CE-59C7-4E0D-B0E4-6FB12898A1FD}.Debug|Any CPU.Build.0 = Debug|Any CPU
		{A57D37CE-59C7-4E0D-B0E4-6FB12898A1FD}.Release|Any CPU.ActiveCfg = Release|Any CPU
		{A57D37CE-59C7-4E0D-B0E4-6FB12898A1FD}.Release|Any CPU.Build.0 = Release|Any CPU
	EndGlobalSection
	GlobalSection(SolutionProperties) = preSolution
		HideSolutionNode = FALSE
	EndGlobalSection
	GlobalSection(ExtensibilityGlobals) = postSolution
		SolutionGuid = {1939C14C-0FB1-4272-B2EE-4D995B7B5E7D}
	EndGlobalSection
EndGlobal
